
Microsoft Visual Studio Solution File, Format Version 12.00
# Visual Studio Version 17
VisualStudioVersion = 17.5.33516.290
MinimumVisualStudioVersion = 10.0.40219.1
Project("{FAE04EC0-301F-11D3-BF4B-00C04F79EFBC}") = "7ZipTestApp", "7ZipTestApp\7ZipTestApp.csproj", "{71C285C3-548C-422E-8F92-06C48C1909CF}"
EndProject
Global
	GlobalSection(SolutionConfigurationPlatforms) = preSolution
		BETA|Any CPU = BETA|Any CPU
		CLOSED_BETA|Any CPU = CLOSED_BETA|Any CPU
		Debug|Any CPU = Debug|Any CPU
		Local|Any CPU = Local|Any CPU
		PRODUCTION|Any CPU = PRODUCTION|Any CPU
		Release|Any CPU = Release|Any CPU
	EndGlobalSection
	GlobalSection(ProjectConfigurationPlatforms) = postSolution
		{71C285C3-548C-422E-8F92-06C48C1909CF}.BETA|Any CPU.ActiveCfg = Release|Any CPU
		{71C285C3-548C-422E-8F92-06C48C1909CF}.BETA|Any CPU.Build.0 = Release|Any CPU
		{71C285C3-548C-422E-8F92-06C48C1909CF}.CLOSED_BETA|Any CPU.ActiveCfg = Release|Any CPU
		{71C285C3-548C-422E-8F92-06C48C1909CF}.CLOSED_BETA|Any CPU.Build.0 = Release|Any CPU
		{71C285C3-548C-422E-8F92-06C48C1909CF}.Debug|Any CPU.ActiveCfg = Debug|Any CPU
		{71C285C3-548C-422E-8F92-06C48C1909CF}.Debug|Any CPU.Build.0 = Debug|Any CPU
		{71C285C3-548C-422E-8F92-06C48C1909CF}.Local|Any CPU.ActiveCfg = Release|Any CPU
		{71C285C3-548C-422E-8F92-06C48C1909CF}.Local|Any CPU.Build.0 = Release|Any CPU
		{71C285C3-548C-422E-8F92-06C48C1909CF}.PRODUCTION|Any CPU.ActiveCfg = Release|Any CPU
		{71C285C3-548C-422E-8F92-06C48C1909CF}.PRODUCTION|Any CPU.Build.0 = Release|Any CPU
		{71C285C3-548C-422E-8F92-06C48C1909CF}.Release|Any CPU.ActiveCfg = Release|Any CPU
		{71C285C3-548C-422E-8F92-06C48C1909CF}.Release|Any CPU.Build.0 = Release|Any CPU
	EndGlobalSection
	GlobalSection(SolutionProperties) = preSolution
		HideSolutionNode = FALSE
	EndGlobalSection
	GlobalSection(ExtensibilityGlobals) = postSolution
		SolutionGuid = {1E692769-4022-495B-8EA3-02CEF5BF0C0D}
	EndGlobalSection
EndGlobal
